
Microsoft Visual Studio Solution File, Format Version 12.00
# Visual Studio Version 16
VisualStudioVersion = 16.0.28407.52
MinimumVisualStudioVersion = 10.0.40219.1
Project("{2150E333-8FDC-42A3-9474-1A3956D46DE8}") = "src", "src", "{0CA2F610-6D57-4D1F-92E3-EDCCEDAD8297}"
EndProject
Project("{2150E333-8FDC-42A3-9474-1A3956D46DE8}") = "Solution Items", "Solution Items", "{F72DED29-7BF7-4870-81B4-7AFE91270530}"
	ProjectSection(SolutionItems) = preProject
		.gitignore = .gitignore
		LICENSE = LICENSE
		README.md = README.md
	EndProjectSection
EndProject
Project("{9A19103F-16F7-4668-BE54-9A1E7A4F7556}") = "eQuantic.Core.Ioc", "src\eQuantic.Core.Ioc.csproj", "{DD90523C-5E46-485A-9785-43FB10150927}"
EndProject
Project("{2150E333-8FDC-42A3-9474-1A3956D46DE8}") = "samples", "samples", "{E9CE87FF-F92F-47BD-9FFC-10DD8C42F00E}"
EndProject
Project("{FAE04EC0-301F-11D3-BF4B-00C04F79EFBC}") = "eQuantic.Core.Ioc.Sample", "samples\eQuantic.Core.Ioc.Sample\eQuantic.Core.Ioc.Sample.csproj", "{2604FEB8-635C-41E1-8AA9-16D6DF2E1CF1}"
EndProject
Global
	GlobalSection(SolutionConfigurationPlatforms) = preSolution
		Debug|Any CPU = Debug|Any CPU
		Release|Any CPU = Release|Any CPU
	EndGlobalSection
	GlobalSection(ProjectConfigurationPlatforms) = postSolution
		{DD90523C-5E46-485A-9785-43FB10150927}.Debug|Any CPU.ActiveCfg = Debug|Any CPU
		{DD90523C-5E46-485A-9785-43FB10150927}.Debug|Any CPU.Build.0 = Debug|Any CPU
		{DD90523C-5E46-485A-9785-43FB10150927}.Release|Any CPU.ActiveCfg = Release|Any CPU
		{DD90523C-5E46-485A-9785-43FB10150927}.Release|Any CPU.Build.0 = Release|Any CPU
		{2604FEB8-635C-41E1-8AA9-16D6DF2E1CF1}.Debug|Any CPU.ActiveCfg = Debug|Any CPU
		{2604FEB8-635C-41E1-8AA9-16D6DF2E1CF1}.Debug|Any CPU.Build.0 = Debug|Any CPU
		{2604FEB8-635C-41E1-8AA9-16D6DF2E1CF1}.Release|Any CPU.ActiveCfg = Release|Any CPU
		{2604FEB8-635C-41E1-8AA9-16D6DF2E1CF1}.Release|Any CPU.Build.0 = Release|Any CPU
	EndGlobalSection
	GlobalSection(SolutionProperties) = preSolution
		HideSolutionNode = FALSE
	EndGlobalSection
	GlobalSection(NestedProjects) = preSolution
		{DD90523C-5E46-485A-9785-43FB10150927} = {0CA2F610-6D57-4D1F-92E3-EDCCEDAD8297}
		{2604FEB8-635C-41E1-8AA9-16D6DF2E1CF1} = {E9CE87FF-F92F-47BD-9FFC-10DD8C42F00E}
	EndGlobalSection
	GlobalSection(ExtensibilityGlobals) = postSolution
		SolutionGuid = {0714A2C7-DE4E-4470-83D7-CBC22653FFD4}
	EndGlobalSection
EndGlobal
